
Microsoft Visual Studio Solution File, Format Version 12.00
# Visual Studio Version 18
VisualStudioVersion = 18.5.11723.231 stable
MinimumVisualStudioVersion = 10.0.40219.1
Project("{FAE04EC0-301F-11D3-BF4B-00C04F79EFBC}") = "nte_planner", "nte_planner.csproj", "{BCC604AB-4969-1FC7-0941-16198E9B6BA1}"
EndProject
Global
	GlobalSection(SolutionConfigurationPlatforms) = preSolution
		Debug|Any CPU = Debug|Any CPU
		Release|Any CPU = Release|Any CPU
	EndGlobalSection
	GlobalSection(ProjectConfigurationPlatforms) = postSolution
		{BCC604AB-4969-1FC7-0941-16198E9B6BA1}.Debug|Any CPU.ActiveCfg = Debug|Any CPU
		{BCC604AB-4969-1FC7-0941-16198E9B6BA1}.Debug|Any CPU.Build.0 = Debug|Any CPU
		{BCC604AB-4969-1FC7-0941-16198E9B6BA1}.Release|Any CPU.ActiveCfg = Release|Any CPU
		{BCC604AB-4969-1FC7-0941-16198E9B6BA1}.Release|Any CPU.Build.0 = Release|Any CPU
	EndGlobalSection
	GlobalSection(SolutionProperties) = preSolution
		HideSolutionNode = FALSE
	EndGlobalSection
	GlobalSection(ExtensibilityGlobals) = postSolution
		SolutionGuid = {C1EB17BD-467D-45E9-B8B9-8244C3CD4FF0}
	EndGlobalSection
EndGlobal
